
Microsoft Visual Studio Solution File, Format Version 12.00
# Visual Studio 15
VisualStudioVersion = 15.0.28307.168
MinimumVisualStudioVersion = 10.0.40219.1
Project("{FAE04EC0-301F-11D3-BF4B-00C04F79EFBC}") = "Limited.DashBoard", "Limited.DashBoard\Limited.DashBoard.csproj", "{565E19B4-0BB1-47C9-B2A2-8980A4F8677F}"
EndProject
Project("{FAE04EC0-301F-11D3-BF4B-00C04F79EFBC}") = "Limited.DashBoard.Demo", "Limited.DashBoard.Demo\Limited.DashBoard.Demo.csproj", "{0BFE7394-F203-4C68-8D70-9D75F73A660E}"
EndProject
Global
	GlobalSection(SolutionConfigurationPlatforms) = preSolution
		Debug|Any CPU = Debug|Any CPU
		Release|Any CPU = Release|Any CPU
	EndGlobalSection
	GlobalSection(ProjectConfigurationPlatforms) = postSolution
		{565E19B4-0BB1-47C9-B2A2-8980A4F8677F}.Debug|Any CPU.ActiveCfg = Debug|Any CPU
		{565E19B4-0BB1-47C9-B2A2-8980A4F8677F}.Debug|Any CPU.Build.0 = Debug|Any CPU
		{565E19B4-0BB1-47C9-B2A2-8980A4F8677F}.Release|Any CPU.ActiveCfg = Release|Any CPU
		{565E19B4-0BB1-47C9-B2A2-8980A4F8677F}.Release|Any CPU.Build.0 = Release|Any CPU
		{0BFE7394-F203-4C68-8D70-9D75F73A660E}.Debug|Any CPU.ActiveCfg = Debug|Any CPU
		{0BFE7394-F203-4C68-8D70-9D75F73A660E}.Debug|Any CPU.Build.0 = Debug|Any CPU
		{0BFE7394-F203-4C68-8D70-9D75F73A660E}.Release|Any CPU.ActiveCfg = Release|Any CPU
		{0BFE7394-F203-4C68-8D70-9D75F73A660E}.Release|Any CPU.Build.0 = Release|Any CPU
	EndGlobalSection
	GlobalSection(SolutionProperties) = preSolution
		HideSolutionNode = FALSE
	EndGlobalSection
	GlobalSection(ExtensibilityGlobals) = postSolution
		SolutionGuid = {421D56B6-E8A5-4DBF-9CEA-60AEAB156A08}
	EndGlobalSection
EndGlobal
